
Microsoft Visual Studio Solution File, Format Version 12.00
# Visual Studio Version 17
VisualStudioVersion = 17.14.36623.8 d17.14
MinimumVisualStudioVersion = 10.0.40219.1
Project("{FAE04EC0-301F-11D3-BF4B-00C04F79EFBC}") = "UsingPrivateAssembly", "UsingPrivateAssembly\UsingPrivateAssembly.csproj", "{1BBAC319-B3A3-4516-8F78-A0B8AAF02759}"
EndProject
Global
	GlobalSection(SolutionConfigurationPlatforms) = preSolution
		Debug|Any CPU = Debug|Any CPU
		Release|Any CPU = Release|Any CPU
	EndGlobalSection
	GlobalSection(ProjectConfigurationPlatforms) = postSolution
		{1BBAC319-B3A3-4516-8F78-A0B8AAF02759}.Debug|Any CPU.ActiveCfg = Debug|Any CPU
		{1BBAC319-B3A3-4516-8F78-A0B8AAF02759}.Debug|Any CPU.Build.0 = Debug|Any CPU
		{1BBAC319-B3A3-4516-8F78-A0B8AAF02759}.Release|Any CPU.ActiveCfg = Release|Any CPU
		{1BBAC319-B3A3-4516-8F78-A0B8AAF02759}.Release|Any CPU.Build.0 = Release|Any CPU
	EndGlobalSection
	GlobalSection(SolutionProperties) = preSolution
		HideSolutionNode = FALSE
	EndGlobalSection
	GlobalSection(ExtensibilityGlobals) = postSolution
		SolutionGuid = {2DB9CBAD-BC44-4477-B6B8-A467D75B8222}
	EndGlobalSection
EndGlobal
