
Microsoft Visual Studio Solution File, Format Version 12.00
# Visual Studio Version 17
VisualStudioVersion = 17.14.36623.8 d17.14
MinimumVisualStudioVersion = 10.0.40219.1
Project("{FAE04EC0-301F-11D3-BF4B-00C04F79EFBC}") = "MyLibrary", "MyLibrary.csproj", "{E47ED901-87F2-4930-BA71-E0C775ACEE2C}"
EndProject
Global
	GlobalSection(SolutionConfigurationPlatforms) = preSolution
		Debug|Any CPU = Debug|Any CPU
		Release|Any CPU = Release|Any CPU
	EndGlobalSection
	GlobalSection(ProjectConfigurationPlatforms) = postSolution
		{E47ED901-87F2-4930-BA71-E0C775ACEE2C}.Debug|Any CPU.ActiveCfg = Debug|Any CPU
		{E47ED901-87F2-4930-BA71-E0C775ACEE2C}.Debug|Any CPU.Build.0 = Debug|Any CPU
		{E47ED901-87F2-4930-BA71-E0C775ACEE2C}.Release|Any CPU.ActiveCfg = Release|Any CPU
		{E47ED901-87F2-4930-BA71-E0C775ACEE2C}.Release|Any CPU.Build.0 = Release|Any CPU
	EndGlobalSection
	GlobalSection(SolutionProperties) = preSolution
		HideSolutionNode = FALSE
	EndGlobalSection
	GlobalSection(ExtensibilityGlobals) = postSolution
		SolutionGuid = {FC882600-7C9E-4F56-BDA2-3936C0AAB22D}
	EndGlobalSection
EndGlobal
